
Microsoft Visual Studio Solution File, Format Version 12.00
Project("{8BC9CEB8-8B4A-11D0-8D11-00A0C91BC942}") = "WinAPIGame", "WinAPIGame\WinAPIGame.vcxproj", "{71F1F411-C012-4F70-A959-9F1647998E4A}"
EndProject
Project("{8BC9CEB8-8B4A-11D0-8D11-00A0C91BC942}") = "ServerTest", "ServerTest\ServerTest.vcxproj", "{A583C357-6F48-4BBD-93BD-0E05BB4566C8}"
EndProject
Project("{8BC9CEB8-8B4A-11D0-8D11-00A0C91BC942}") = "ServerTest2", "ServerTest2\ServerTest2.vcxproj", "{1C81C923-555A-4A59-98F3-80B8ECC7E596}"
EndProject
Project("{8BC9CEB8-8B4A-11D0-8D11-00A0C91BC942}") = "WinAPIServer", "WinAPIServer\WinAPIServer.vcxproj", "{9B1F648F-5467-46A4-A7B4-BDBAE3460875}"
EndProject
Global
	GlobalSection(SolutionConfigurationPlatforms) = preSolution
		Debug|Win32 = Debug|Win32
		Debug|x64 = Debug|x64
		Release|Win32 = Release|Win32
		Release|x64 = Release|x64
	EndGlobalSection
	GlobalSection(ProjectConfigurationPlatforms) = postSolution
		{71F1F411-C012-4F70-A959-9F1647998E4A}.Debug|Win32.ActiveCfg = Debug|Win32
		{71F1F411-C012-4F70-A959-9F1647998E4A}.Debug|Win32.Build.0 = Debug|Win32
		{71F1F411-C012-4F70-A959-9F1647998E4A}.Debug|x64.ActiveCfg = Debug|x64
		{71F1F411-C012-4F70-A959-9F1647998E4A}.Debug|x64.Build.0 = Debug|x64
		{71F1F411-C012-4F70-A959-9F1647998E4A}.Release|Win32.ActiveCfg = Release|Win32
		{71F1F411-C012-4F70-A959-9F1647998E4A}.Release|Win32.Build.0 = Release|Win32
		{71F1F411-C012-4F70-A959-9F1647998E4A}.Release|x64.ActiveCfg = Release|x64
		{71F1F411-C012-4F70-A959-9F1647998E4A}.Release|x64.Build.0 = Release|x64
		{A583C357-6F48-4BBD-93BD-0E05BB4566C8}.Debug|Win32.ActiveCfg = Debug|Win32
		{A583C357-6F48-4BBD-93BD-0E05BB4566C8}.Debug|Win32.Build.0 = Debug|Win32
		{A583C357-6F48-4BBD-93BD-0E05BB4566C8}.Debug|x64.ActiveCfg = Debug|x64
		{A583C357-6F48-4BBD-93BD-0E05BB4566C8}.Debug|x64.Build.0 = Debug|x64
		{A583C357-6F48-4BBD-93BD-0E05BB4566C8}.Release|Win32.ActiveCfg = Release|Win32
		{A583C357-6F48-4BBD-93BD-0E05BB4566C8}.Release|Win32.Build.0 = Release|Win32
		{A583C357-6F48-4BBD-93BD-0E05BB4566C8}.Release|x64.ActiveCfg = Release|x64
		{A583C357-6F48-4BBD-93BD-0E05BB4566C8}.Release|x64.Build.0 = Release|x64
		{1C81C923-555A-4A59-98F3-80B8ECC7E596}.Debug|Win32.ActiveCfg = Debug|Win32
		{1C81C923-555A-4A59-98F3-80B8ECC7E596}.Debug|Win32.Build.0 = Debug|Win32
		{1C81C923-555A-4A59-98F3-80B8ECC7E596}.Debug|x64.ActiveCfg = Debug|x64
		{1C81C923-555A-4A59-98F3-80B8ECC7E596}.Debug|x64.Build.0 = Debug|x64
		{1C81C923-555A-4A59-98F3-80B8ECC7E596}.Release|Win32.ActiveCfg = Release|Win32
		{1C81C923-555A-4A59-98F3-80B8ECC7E596}.Release|Win32.Build.0 = Release|Win32
		{1C81C923-555A-4A59-98F3-80B8ECC7E596}.Release|x64.ActiveCfg = Release|x64
		{1C81C923-555A-4A59-98F3-80B8ECC7E596}.Release|x64.Build.0 = Release|x64
		{9B1F648F-5467-46A4-A7B4-BDBAE3460875}.Debug|Win32.ActiveCfg = Debug|Win32
		{9B1F648F-5467-46A4-A7B4-BDBAE3460875}.Debug|Win32.Build.0 = Debug|Win32
		{9B1F648F-5467-46A4-A7B4-BDBAE3460875}.Debug|x64.ActiveCfg = Debug|x64
		{9B1F648F-5467-46A4-A7B4-BDBAE3460875}.Debug|x64.Build.0 = Debug|x64
		{9B1F648F-5467-46A4-A7B4-BDBAE3460875}.Release|Win32.ActiveCfg = Release|Win32
		{9B1F648F-5467-46A4-A7B4-BDBAE3460875}.Release|Win32.Build.0 = Release|Win32
		{9B1F648F-5467-46A4-A7B4-BDBAE3460875}.Release|x64.ActiveCfg = Release|x64
		{9B1F648F-5467-46A4-A7B4-BDBAE3460875}.Release|x64.Build.0 = Release|x64
	EndGlobalSection
EndGlobal
